// !$*UTF8*$!
{
	archiveVersion = 1;
	classes = {
	};
	objectVersion = 50;
	objects = {

/* Begin PBXBuildFile section */
		5D0ACF1C22ECC6480023747F /* WindowController.swift in Sources */ = {isa = PBXBuildFile; fileRef = 5D0ACF1B22ECC6480023747F /* WindowController.swift */; };
		5D11F5A722EE18C200E70022 /* HorizontalSplitViewController.swift in Sources */ = {isa = PBXBuildFile; fileRef = 5D11F5A622EE18C200E70022 /* HorizontalSplitViewController.swift */; };
		5D11F5AA22EE199300E70022 /* VerticalSplitViewController.swift in Sources */ = {isa = PBXBuildFile; fileRef = 5D11F5A822EE199300E70022 /* VerticalSplitViewController.swift */; };
		5D2D46F022ECF34E000E5C71 /* View.swift in Sources */ = {isa = PBXBuildFile; fileRef = 5D2D46EF22ECF34E000E5C71 /* View.swift */; };
		5D2D46F222ECFCAF000E5C71 /* OptionsViewController.swift in Sources */ = {isa = PBXBuildFile; fileRef = 5D2D46F122ECFCAF000E5C71 /* OptionsViewController.swift */; };
		5D2D46F722ED613C000E5C71 /* Divider.swift in Sources */ = {isa = PBXBuildFile; fileRef = 5D2D46F622ED613C000E5C71 /* Divider.swift */; };
		5D3B826322E96A1700C1EE8F /* AppDelegate.swift in Sources */ = {isa = PBXBuildFile; fileRef = 5D3B826222E96A1700C1EE8F /* AppDelegate.swift */; };
		5D3B826522E96A1700C1EE8F /* WebViewController.swift in Sources */ = {isa = PBXBuildFile; fileRef = 5D3B826422E96A1700C1EE8F /* WebViewController.swift */; };
		5D3B826722E96A1B00C1EE8F /* Assets.xcassets in Resources */ = {isa = PBXBuildFile; fileRef = 5D3B826622E96A1B00C1EE8F /* Assets.xcassets */; };
		5D3B826A22E96A1B00C1EE8F /* Main.storyboard in Resources */ = {isa = PBXBuildFile; fileRef = 5D3B826822E96A1B00C1EE8F /* Main.storyboard */; };
		5D534EC122EECEF700A28037 /* TextField.swift in Sources */ = {isa = PBXBuildFile; fileRef = 5D534EC022EECEF700A28037 /* TextField.swift */; };
		5D724E1122EBE1FD00F8C0B1 /* FileViewController.swift in Sources */ = {isa = PBXBuildFile; fileRef = 5D724E1022EBE1FD00F8C0B1 /* FileViewController.swift */; };
		5D724E1422EBF56200F8C0B1 /* SaveViewController.swift in Sources */ = {isa = PBXBuildFile; fileRef = 5D724E1222EBF56200F8C0B1 /* SaveViewController.swift */; };
/* End PBXBuildFile section */

/* Begin PBXFileReference section */
		5D0ACF1B22ECC6480023747F /* WindowController.swift */ = {isa = PBXFileReference; lastKnownFileType = sourcecode.swift; path = WindowController.swift; sourceTree = "<group>"; };
		5D11F5A622EE18C200E70022 /* HorizontalSplitViewController.swift */ = {isa = PBXFileReference; lastKnownFileType = sourcecode.swift; path = HorizontalSplitViewController.swift; sourceTree = "<group>"; };
		5D11F5A822EE199300E70022 /* VerticalSplitViewController.swift */ = {isa = PBXFileReference; lastKnownFileType = sourcecode.swift; path = VerticalSplitViewController.swift; sourceTree = "<group>"; };
		5D2D46EF22ECF34E000E5C71 /* View.swift */ = {isa = PBXFileReference; lastKnownFileType = sourcecode.swift; path = View.swift; sourceTree = "<group>"; };
		5D2D46F122ECFCAF000E5C71 /* OptionsViewController.swift */ = {isa = PBXFileReference; lastKnownFileType = sourcecode.swift; path = OptionsViewController.swift; sourceTree = "<group>"; };
		5D2D46F622ED613C000E5C71 /* Divider.swift */ = {isa = PBXFileReference; lastKnownFileType = sourcecode.swift; path = Divider.swift; sourceTree = "<group>"; };
		5D3B825F22E96A1700C1EE8F /* SingleFile.app */ = {isa = PBXFileReference; explicitFileType = wrapper.application; includeInIndex = 0; path = SingleFile.app; sourceTree = BUILT_PRODUCTS_DIR; };
		5D3B826222E96A1700C1EE8F /* AppDelegate.swift */ = {isa = PBXFileReference; lastKnownFileType = sourcecode.swift; path = AppDelegate.swift; sourceTree = "<group>"; };
		5D3B826422E96A1700C1EE8F /* WebViewController.swift */ = {isa = PBXFileReference; lastKnownFileType = sourcecode.swift; path = WebViewController.swift; sourceTree = "<group>"; };
		5D3B826622E96A1B00C1EE8F /* Assets.xcassets */ = {isa = PBXFileReference; lastKnownFileType = folder.assetcatalog; path = Assets.xcassets; sourceTree = "<group>"; };
		5D3B826922E96A1B00C1EE8F /* Base */ = {isa = PBXFileReference; lastKnownFileType = file.storyboard; name = Base; path = Base.lproj/Main.storyboard; sourceTree = "<group>"; };
		5D3B826B22E96A1B00C1EE8F /* Info.plist */ = {isa = PBXFileReference; lastKnownFileType = text.plist.xml; path = Info.plist; sourceTree = "<group>"; };
		5D3B826C22E96A1B00C1EE8F /* website.entitlements */ = {isa = PBXFileReference; lastKnownFileType = text.plist.entitlements; path = website.entitlements; sourceTree = "<group>"; };
		5D534EC022EECEF700A28037 /* TextField.swift */ = {isa = PBXFileReference; lastKnownFileType = sourcecode.swift; path = TextField.swift; sourceTree = "<group>"; };
		5D724E1022EBE1FD00F8C0B1 /* FileViewController.swift */ = {isa = PBXFileReference; lastKnownFileType = sourcecode.swift; path = FileViewController.swift; sourceTree = "<group>"; };
		5D724E1222EBF56200F8C0B1 /* SaveViewController.swift */ = {isa = PBXFileReference; lastKnownFileType = sourcecode.swift; path = SaveViewController.swift; sourceTree = "<group>"; };
/* End PBXFileReference section */

/* Begin PBXFrameworksBuildPhase section */
		5D3B825C22E96A1700C1EE8F /* Frameworks */ = {
			isa = PBXFrameworksBuildPhase;
			buildActionMask = 2147483647;
			files = (
			);
			runOnlyForDeploymentPostprocessing = 0;
		};
/* End PBXFrameworksBuildPhase section */

/* Begin PBXGroup section */
		0625F7819661E858C70B5101 /* Pods */ = {
			isa = PBXGroup;
			children = (
			);
			path = Pods;
			sourceTree = "<group>";
		};
		5D0ACF2522ECD27B0023747F /* Model */ = {
			isa = PBXGroup;
			children = (
			);
			path = Model;
			sourceTree = "<group>";
		};
		5D2D46F322ECFCB7000E5C71 /* View */ = {
			isa = PBXGroup;
			children = (
				5D2D46EF22ECF34E000E5C71 /* View.swift */,
				5D2D46F622ED613C000E5C71 /* Divider.swift */,
				5D534EC022EECEF700A28037 /* TextField.swift */,
			);
			path = View;
			sourceTree = "<group>";
		};
		5D2D46F422ECFCC5000E5C71 /* Controller */ = {
			isa = PBXGroup;
			children = (
				5D0ACF1B22ECC6480023747F /* WindowController.swift */,
				5D11F5A822EE199300E70022 /* VerticalSplitViewController.swift */,
				5D11F5A622EE18C200E70022 /* HorizontalSplitViewController.swift */,
				5D724E1022EBE1FD00F8C0B1 /* FileViewController.swift */,
				5D2D46F122ECFCAF000E5C71 /* OptionsViewController.swift */,
				5D724E1222EBF56200F8C0B1 /* SaveViewController.swift */,
				5D3B826422E96A1700C1EE8F /* WebViewController.swift */,
			);
			path = Controller;
			sourceTree = "<group>";
		};
		5D2D46F522ECFCE3000E5C71 /* Supporting Files */ = {
			isa = PBXGroup;
			children = (
				5D3B826222E96A1700C1EE8F /* AppDelegate.swift */,
				5D3B826622E96A1B00C1EE8F /* Assets.xcassets */,
				5D3B826822E96A1B00C1EE8F /* Main.storyboard */,
				5D3B826B22E96A1B00C1EE8F /* Info.plist */,
				5D3B826C22E96A1B00C1EE8F /* website.entitlements */,
			);
			path = "Supporting Files";
			sourceTree = "<group>";
		};
		5D3B825622E96A1700C1EE8F = {
			isa = PBXGroup;
			children = (
				5D3B826122E96A1700C1EE8F /* SingleFile */,
				5D3B826022E96A1700C1EE8F /* Products */,
				0625F7819661E858C70B5101 /* Pods */,
			);
			sourceTree = "<group>";
		};
		5D3B826022E96A1700C1EE8F /* Products */ = {
			isa = PBXGroup;
			children = (
				5D3B825F22E96A1700C1EE8F /* SingleFile.app */,
			);
			name = Products;
			sourceTree = "<group>";
		};
		5D3B826122E96A1700C1EE8F /* SingleFile */ = {
			isa = PBXGroup;
			children = (
				5D0ACF2522ECD27B0023747F /* Model */,
				5D2D46F322ECFCB7000E5C71 /* View */,
				5D2D46F422ECFCC5000E5C71 /* Controller */,
				5D2D46F522ECFCE3000E5C71 /* Supporting Files */,
			);
			path = SingleFile;
			sourceTree = "<group>";
		};
/* End PBXGroup section */

/* Begin PBXNativeTarget section */
		5D3B825E22E96A1700C1EE8F /* SingleFile */ = {
			isa = PBXNativeTarget;
			buildConfigurationList = 5D3B826F22E96A1B00C1EE8F /* Build configuration list for PBXNativeTarget "SingleFile" */;
			buildPhases = (
				5D3B825B22E96A1700C1EE8F /* Sources */,
				5D3B825C22E96A1700C1EE8F /* Frameworks */,
				5D3B825D22E96A1700C1EE8F /* Resources */,
			);
			buildRules = (
			);
			dependencies = (
			);
			name = SingleFile;
			productName = website;
			productReference = 5D3B825F22E96A1700C1EE8F /* SingleFile.app */;
			productType = "com.apple.product-type.application";
		};
/* End PBXNativeTarget section */

/* Begin PBXProject section */
		5D3B825722E96A1700C1EE8F /* Project object */ = {
			isa = PBXProject;
			attributes = {
				LastSwiftUpdateCheck = 1020;
				LastUpgradeCheck = 1020;
				ORGANIZATIONNAME = "David Littlefield";
				TargetAttributes = {
					5D3B825E22E96A1700C1EE8F = {
						CreatedOnToolsVersion = 10.2.1;
						SystemCapabilities = {
							com.apple.Sandbox = {
								enabled = 0;
							};
						};
					};
				};
			};
			buildConfigurationList = 5D3B825A22E96A1700C1EE8F /* Build configuration list for PBXProject "SingleFile" */;
			compatibilityVersion = "Xcode 9.3";
			developmentRegion = en;
			hasScannedForEncodings = 0;
			knownRegions = (
				en,
				Base,
			);
			mainGroup = 5D3B825622E96A1700C1EE8F;
			productRefGroup = 5D3B826022E96A1700C1EE8F /* Products */;
			projectDirPath = "";
			projectRoot = "";
			targets = (
				5D3B825E22E96A1700C1EE8F /* SingleFile */,
			);
		};
/* End PBXProject section */

/* Begin PBXResourcesBuildPhase section */
		5D3B825D22E96A1700C1EE8F /* Resources */ = {
			isa = PBXResourcesBuildPhase;
			buildActionMask = 2147483647;
			files = (
				5D3B826722E96A1B00C1EE8F /* Assets.xcassets in Resources */,
				5D3B826A22E96A1B00C1EE8F /* Main.storyboard in Resources */,
			);
			runOnlyForDeploymentPostprocessing = 0;
		};
/* End PBXResourcesBuildPhase section */

/* Begin PBXSourcesBuildPhase section */
		5D3B825B22E96A1700C1EE8F /* Sources */ = {
			isa = PBXSourcesBuildPhase;
			buildActionMask = 2147483647;
			files = (
				5D724E1122EBE1FD00F8C0B1 /* FileViewController.swift in Sources */,
				5D0ACF1C22ECC6480023747F /* WindowController.swift in Sources */,
				5D2D46F022ECF34E000E5C71 /* View.swift in Sources */,
				5D11F5AA22EE199300E70022 /* VerticalSplitViewController.swift in Sources */,
				5D534EC122EECEF700A28037 /* TextField.swift in Sources */,
				5D11F5A722EE18C200E70022 /* HorizontalSplitViewController.swift in Sources */,
				5D2D46F222ECFCAF000E5C71 /* OptionsViewController.swift in Sources */,
				5D724E1422EBF56200F8C0B1 /* SaveViewController.swift in Sources */,
				5D2D46F722ED613C000E5C71 /* Divider.swift in Sources */,
				5D3B826522E96A1700C1EE8F /* WebViewController.swift in Sources */,
				5D3B826322E96A1700C1EE8F /* AppDelegate.swift in Sources */,
			);
			runOnlyForDeploymentPostprocessing = 0;
		};
/* End PBXSourcesBuildPhase section */

/* Begin PBXVariantGroup section */
		5D3B826822E96A1B00C1EE8F /* Main.storyboard */ = {
			isa = PBXVariantGroup;
			children = (
				5D3B826922E96A1B00C1EE8F /* Base */,
			);
			name = Main.storyboard;
			sourceTree = "<group>";
		};
/* End PBXVariantGroup section */

/* Begin XCBuildConfiguration section */
		5D3B826D22E96A1B00C1EE8F /* Debug */ = {
			isa = XCBuildConfiguration;
			buildSettings = {
				ALWAYS_SEARCH_USER_PATHS = NO;
				CLANG_ANALYZER_NONNULL = YES;
				CLANG_ANALYZER_NUMBER_OBJECT_CONVERSION = YES_AGGRESSIVE;
				CLANG_CXX_LANGUAGE_STANDARD = "gnu++14";
				CLANG_CXX_LIBRARY = "libc++";
				CLANG_ENABLE_MODULES = YES;
				CLANG_ENABLE_OBJC_ARC = YES;
				CLANG_ENABLE_OBJC_WEAK = YES;
				CLANG_WARN_BLOCK_CAPTURE_AUTORELEASING = YES;
				CLANG_WARN_BOOL_CONVERSION = YES;
				CLANG_WARN_COMMA = YES;
				CLANG_WARN_CONSTANT_CONVERSION = YES;
				CLANG_WARN_DEPRECATED_OBJC_IMPLEMENTATIONS = YES;
				CLANG_WARN_DIRECT_OBJC_ISA_USAGE = YES_ERROR;
				CLANG_WARN_DOCUMENTATION_COMMENTS = YES;
				CLANG_WARN_EMPTY_BODY = YES;
				CLANG_WARN_ENUM_CONVERSION = YES;
				CLANG_WARN_INFINITE_RECURSION = YES;
				CLANG_WARN_INT_CONVERSION = YES;
				CLANG_WARN_NON_LITERAL_NULL_CONVERSION = YES;
				CLANG_WARN_OBJC_IMPLICIT_RETAIN_SELF = YES;
				CLANG_WARN_OBJC_LITERAL_CONVERSION = YES;
				CLANG_WARN_OBJC_ROOT_CLASS = YES_ERROR;
				CLANG_WARN_RANGE_LOOP_ANALYSIS = YES;
				CLANG_WARN_STRICT_PROTOTYPES = YES;
				CLANG_WARN_SUSPICIOUS_MOVE = YES;
				CLANG_WARN_UNGUARDED_AVAILABILITY = YES_AGGRESSIVE;
				CLANG_WARN_UNREACHABLE_CODE = YES;
				CLANG_WARN__DUPLICATE_METHOD_MATCH = YES;
				CODE_SIGN_IDENTITY = "Mac Developer";
				COPY_PHASE_STRIP = NO;
				DEBUG_INFORMATION_FORMAT = dwarf;
				ENABLE_STRICT_OBJC_MSGSEND = YES;
				ENABLE_TESTABILITY = YES;
				GCC_C_LANGUAGE_STANDARD = gnu11;
				GCC_DYNAMIC_NO_PIC = NO;
				GCC_NO_COMMON_BLOCKS = YES;
				GCC_OPTIMIZATION_LEVEL = 0;
				GCC_PREPROCESSOR_DEFINITIONS = (
					"DEBUG=1",
					"$(inherited)",
				);
				GCC_WARN_64_TO_32_BIT_CONVERSION = YES;
				GCC_WARN_ABOUT_RETURN_TYPE = YES_ERROR;
				GCC_WARN_UNDECLARED_SELECTOR = YES;
				GCC_WARN_UNINITIALIZED_AUTOS = YES_AGGRESSIVE;
				GCC_WARN_UNUSED_FUNCTION = YES;
				GCC_WARN_UNUSED_VARIABLE = YES;
				MACOSX_DEPLOYMENT_TARGET = 10.14;
				MTL_ENABLE_DEBUG_INFO = INCLUDE_SOURCE;
				MTL_FAST_MATH = YES;
				ONLY_ACTIVE_ARCH = YES;
				SDKROOT = macosx;
				SWIFT_ACTIVE_COMPILATION_CONDITIONS = DEBUG;
				SWIFT_OPTIMIZATION_LEVEL = "-Onone";
			};
			name = Debug;
		};
		5D3B826E22E96A1B00C1EE8F /* Release */ = {
			isa = XCBuildConfiguration;
			buildSettings = {
				ALWAYS_SEARCH_USER_PATHS = NO;
				CLANG_ANALYZER_NONNULL = YES;
				CLANG_ANALYZER_NUMBER_OBJECT_CONVERSION = YES_AGGRESSIVE;
				CLANG_CXX_LANGUAGE_STANDARD = "gnu++14";
				CLANG_CXX_LIBRARY = "libc++";
				CLANG_ENABLE_MODULES = YES;
				CLANG_ENABLE_OBJC_ARC = YES;
				CLANG_ENABLE_OBJC_WEAK = YES;
				CLANG_WARN_BLOCK_CAPTURE_AUTORELEASING = YES;
				CLANG_WARN_BOOL_CONVERSION = YES;
				CLANG_WARN_COMMA = YES;
				CLANG_WARN_CONSTANT_CONVERSION = YES;
				CLANG_WARN_DEPRECATED_OBJC_IMPLEMENTATIONS = YES;
				CLANG_WARN_DIRECT_OBJC_ISA_USAGE = YES_ERROR;
				CLANG_WARN_DOCUMENTATION_COMMENTS = YES;
				CLANG_WARN_EMPTY_BODY = YES;
				CLANG_WARN_ENUM_CONVERSION = YES;
				CLANG_WARN_INFINITE_RECURSION = YES;
				CLANG_WARN_INT_CONVERSION = YES;
				CLANG_WARN_NON_LITERAL_NULL_CONVERSION = YES;
				CLANG_WARN_OBJC_IMPLICIT_RETAIN_SELF = YES;
				CLANG_WARN_OBJC_LITERAL_CONVERSION = YES;
				CLANG_WARN_OBJC_ROOT_CLASS = YES_ERROR;
				CLANG_WARN_RANGE_LOOP_ANALYSIS = YES;
				CLANG_WARN_STRICT_PROTOTYPES = YES;
				CLANG_WARN_SUSPICIOUS_MOVE = YES;
				CLANG_WARN_UNGUARDED_AVAILABILITY = YES_AGGRESSIVE;
				CLANG_WARN_UNREACHABLE_CODE = YES;
				CLANG_WARN__DUPLICATE_METHOD_MATCH = YES;
				CODE_SIGN_IDENTITY = "Mac Developer";
				COPY_PHASE_STRIP = NO;
				DEBUG_INFORMATION_FORMAT = "dwarf-with-dsym";
				ENABLE_NS_ASSERTIONS = NO;
				ENABLE_STRICT_OBJC_MSGSEND = YES;
				GCC_C_LANGUAGE_STANDARD = gnu11;
				GCC_NO_COMMON_BLOCKS = YES;
				GCC_WARN_64_TO_32_BIT_CONVERSION = YES;
				GCC_WARN_ABOUT_RETURN_TYPE = YES_ERROR;
				GCC_WARN_UNDECLARED_SELECTOR = YES;
				GCC_WARN_UNINITIALIZED_AUTOS = YES_AGGRESSIVE;
				GCC_WARN_UNUSED_FUNCTION = YES;
				GCC_WARN_UNUSED_VARIABLE = YES;
				MACOSX_DEPLOYMENT_TARGET = 10.14;
				MTL_ENABLE_DEBUG_INFO = NO;
				MTL_FAST_MATH = YES;
				SDKROOT = macosx;
				SWIFT_COMPILATION_MODE = wholemodule;
				SWIFT_OPTIMIZATION_LEVEL = "-O";
			};
			name = Release;
		};
		5D3B827022E96A1B00C1EE8F /* Debug */ = {
			isa = XCBuildConfiguration;
			buildSettings = {
				ASSETCATALOG_COMPILER_APPICON_NAME = AppIcon;
				CODE_SIGN_STYLE = Automatic;
				COMBINE_HIDPI_IMAGES = YES;
				DEVELOPMENT_TEAM = 6MTES5Q4X2;
				INFOPLIST_FILE = "$(SRCROOT)/SingleFile/Supporting Files/Info.plist";
				LD_RUNPATH_SEARCH_PATHS = (
					"$(inherited)",
					"@executable_path/../Frameworks",
				);
				PRODUCT_BUNDLE_IDENTIFIER = "We-People.SingleFile";
				PRODUCT_NAME = "$(TARGET_NAME)";
				SWIFT_VERSION = 5.0;
			};
			name = Debug;
		};
		5D3B827122E96A1B00C1EE8F /* Release */ = {
			isa = XCBuildConfiguration;
			buildSettings = {
				ASSETCATALOG_COMPILER_APPICON_NAME = AppIcon;
				CODE_SIGN_STYLE = Automatic;
				COMBINE_HIDPI_IMAGES = YES;
				DEVELOPMENT_TEAM = 6MTES5Q4X2;
				INFOPLIST_FILE = "$(SRCROOT)/SingleFile/Supporting Files/Info.plist";
				LD_RUNPATH_SEARCH_PATHS = (
					"$(inherited)",
					"@executable_path/../Frameworks",
				);
				PRODUCT_BUNDLE_IDENTIFIER = "We-People.SingleFile";
				PRODUCT_NAME = "$(TARGET_NAME)";
				SWIFT_VERSION = 5.0;
			};
			name = Release;
		};
/* End XCBuildConfiguration section */

/* Begin XCConfigurationList section */
		5D3B825A22E96A1700C1EE8F /* Build configuration list for PBXProject "SingleFile" */ = {
			isa = XCConfigurationList;
			buildConfigurations = (
				5D3B826D22E96A1B00C1EE8F /* Debug */,
				5D3B826E22E96A1B00C1EE8F /* Release */,
			);
			defaultConfigurationIsVisible = 0;
			defaultConfigurationName = Release;
		};
		5D3B826F22E96A1B00C1EE8F /* Build configuration list for PBXNativeTarget "SingleFile" */ = {
			isa = XCConfigurationList;
			buildConfigurations = (
				5D3B827022E96A1B00C1EE8F /* Debug */,
				5D3B827122E96A1B00C1EE8F /* Release */,
			);
			defaultConfigurationIsVisible = 0;
			defaultConfigurationName = Release;
		};
/* End XCConfigurationList section */
	};
	rootObject = 5D3B825722E96A1700C1EE8F /* Project object */;
}
